# This file was autogenerated by Stack.
# You should not edit this file by hand.
# For more information, please see the documentation at:
#   https://docs.haskellstack.org/en/stable/topics/lock_files

packages:
- completed:
    hackage: direct-sqlite-2.3.29@sha256:6ff3969a6eae383c8a9ab093abfee7f7b0ed76dab045c984a1497b7e1d71279d,4180
    pantry-tree:
      sha256: 794455a2e32dc749ff32d8907bc51d810f79b963d5e21c42bc8555bc34bbd625
      size: 770
  original:
    hackage: direct-sqlite-2.3.29
snapshots:
- completed:
    sha256: 3c412a7c13dba6d3d808455a458e0776c58b6cf99b8a7961a2f5e55589d6f1d6
    size: 729011
    url: https://raw.githubusercontent.com/commercialhaskell/stackage-snapshots/master/lts/24/43.yaml
  original: lts-24.43
